// !$*UTF8*$!
{
	archiveVersion = 1;
	classes = {
	};
	objectVersion = 55;
	objects = {

/* Begin PBXBuildFile section */
		3EEF1615285EDF40006AA9DF /* AppDelegate.swift in Sources */ = {isa = PBXBuildFile; fileRef = 3EEF1614285EDF40006AA9DF /* AppDelegate.swift */; };
		3EEF1617285EDF40006AA9DF /* SceneDelegate.swift in Sources */ = {isa = PBXBuildFile; fileRef = 3EEF1616285EDF40006AA9DF /* SceneDelegate.swift */; };
		3EEF1619285EDF40006AA9DF /* ViewController.swift in Sources */ = {isa = PBXBuildFile; fileRef = 3EEF1618285EDF40006AA9DF /* ViewController.swift */; };
		3EEF161C285EDF40006AA9DF /* Main.storyboard in Resources */ = {isa = PBXBuildFile; fileRef = 3EEF161A285EDF40006AA9DF /* Main.storyboard */; };
		3EEF161E285EDF42006AA9DF /* Assets.xcassets in Resources */ = {isa = PBXBuildFile; fileRef = 3EEF161D285EDF42006AA9DF /* Assets.xcassets */; };
		3EEF1621285EDF42006AA9DF /* LaunchScreen.storyboard in Resources */ = {isa = PBXBuildFile; fileRef = 3EEF161F285EDF42006AA9DF /* LaunchScreen.storyboard */; };
		3EEF162C285EDF42006AA9DF /* DiResepinAppsTests.swift in Sources */ = {isa = PBXBuildFile; fileRef = 3EEF162B285EDF42006AA9DF /* DiResepinAppsTests.swift */; };
		3EEF1636285EDF42006AA9DF /* DiResepinAppsUITests.swift in Sources */ = {isa = PBXBuildFile; fileRef = 3EEF1635285EDF42006AA9DF /* DiResepinAppsUITests.swift */; };
		3EEF1638285EDF42006AA9DF /* DiResepinAppsUITestsLaunchTests.swift in Sources */ = {isa = PBXBuildFile; fileRef = 3EEF1637285EDF42006AA9DF /* DiResepinAppsUITestsLaunchTests.swift */; };
		3EEF1645285EE1DA006AA9DF /* ResepinModel.swift in Sources */ = {isa = PBXBuildFile; fileRef = 3EEF1644285EE1DA006AA9DF /* ResepinModel.swift */; };
		3EEF1648285EED49006AA9DF /* ResepinTableViewCell.swift in Sources */ = {isa = PBXBuildFile; fileRef = 3EEF1646285EED49006AA9DF /* ResepinTableViewCell.swift */; };
		3EEF1649285EED49006AA9DF /* ResepinTableViewCell.xib in Resources */ = {isa = PBXBuildFile; fileRef = 3EEF1647285EED49006AA9DF /* ResepinTableViewCell.xib */; };
		3EEF164B285EFCC1006AA9DF /* DetailViewController.swift in Sources */ = {isa = PBXBuildFile; fileRef = 3EEF164A285EFCC1006AA9DF /* DetailViewController.swift */; };
/* End PBXBuildFile section */

/* Begin PBXContainerItemProxy section */
		3EEF1628285EDF42006AA9DF /* PBXContainerItemProxy */ = {
			isa = PBXContainerItemProxy;
			containerPortal = 3EEF1609285EDF40006AA9DF /* Project object */;
			proxyType = 1;
			remoteGlobalIDString = 3EEF1610285EDF40006AA9DF;
			remoteInfo = DiResepinApps;
		};
		3EEF1632285EDF42006AA9DF /* PBXContainerItemProxy */ = {
			isa = PBXContainerItemProxy;
			containerPortal = 3EEF1609285EDF40006AA9DF /* Project object */;
			proxyType = 1;
			remoteGlobalIDString = 3EEF1610285EDF40006AA9DF;
			remoteInfo = DiResepinApps;
		};
/* End PBXContainerItemProxy section */

/* Begin PBXFileReference section */
		3EEF1611285EDF40006AA9DF /* DiResepinApps.app */ = {isa = PBXFileReference; explicitFileType = wrapper.application; includeInIndex = 0; path = DiResepinApps.app; sourceTree = BUILT_PRODUCTS_DIR; };
		3EEF1614285EDF40006AA9DF /* AppDelegate.swift */ = {isa = PBXFileReference; lastKnownFileType = sourcecode.swift; path = AppDelegate.swift; sourceTree = "<group>"; };
		3EEF1616285EDF40006AA9DF /* SceneDelegate.swift */ = {isa = PBXFileReference; lastKnownFileType = sourcecode.swift; path = SceneDelegate.swift; sourceTree = "<group>"; };
		3EEF1618285EDF40006AA9DF /* ViewController.swift */ = {isa = PBXFileReference; lastKnownFileType = sourcecode.swift; path = ViewController.swift; sourceTree = "<group>"; };
		3EEF161B285EDF40006AA9DF /* Base */ = {isa = PBXFileReference; lastKnownFileType = file.storyboard; name = Base; path = Base.lproj/Main.storyboard; sourceTree = "<group>"; };
		3EEF161D285EDF42006AA9DF /* Assets.xcassets */ = {isa = PBXFileReference; lastKnownFileType = folder.assetcatalog; path = Assets.xcassets; sourceTree = "<group>"; };
		3EEF1620285EDF42006AA9DF /* Base */ = {isa = PBXFileReference; lastKnownFileType = file.storyboard; name = Base; path = Base.lproj/LaunchScreen.storyboard; sourceTree = "<group>"; };
		3EEF1622285EDF42006AA9DF /* Info.plist */ = {isa = PBXFileReference; lastKnownFileType = text.plist.xml; path = Info.plist; sourceTree = "<group>"; };
		3EEF1627285EDF42006AA9DF /* DiResepinAppsTests.xctest */ = {isa = PBXFileReference; explicitFileType = wrapper.cfbundle; includeInIndex = 0; path = DiResepinAppsTests.xctest; sourceTree = BUILT_PRODUCTS_DIR; };
		3EEF162B285EDF42006AA9DF /* DiResepinAppsTests.swift */ = {isa = PBXFileReference; lastKnownFileType = sourcecode.swift; path = DiResepinAppsTests.swift; sourceTree = "<group>"; };
		3EEF1631285EDF42006AA9DF /* DiResepinAppsUITests.xctest */ = {isa = PBXFileReference; explicitFileType = wrapper.cfbundle; includeInIndex = 0; path = DiResepinAppsUITests.xctest; sourceTree = BUILT_PRODUCTS_DIR; };
		3EEF1635285EDF42006AA9DF /* DiResepinAppsUITests.swift */ = {isa = PBXFileReference; lastKnownFileType = sourcecode.swift; path = DiResepinAppsUITests.swift; sourceTree = "<group>"; };
		3EEF1637285EDF42006AA9DF /* DiResepinAppsUITestsLaunchTests.swift */ = {isa = PBXFileReference; lastKnownFileType = sourcecode.swift; path = DiResepinAppsUITestsLaunchTests.swift; sourceTree = "<group>"; };
		3EEF1644285EE1DA006AA9DF /* ResepinModel.swift */ = {isa = PBXFileReference; lastKnownFileType = sourcecode.swift; path = ResepinModel.swift; sourceTree = "<group>"; };
		3EEF1646285EED49006AA9DF /* ResepinTableViewCell.swift */ = {isa = PBXFileReference; lastKnownFileType = sourcecode.swift; path = ResepinTableViewCell.swift; sourceTree = "<group>"; };
		3EEF1647285EED49006AA9DF /* ResepinTableViewCell.xib */ = {isa = PBXFileReference; lastKnownFileType = file.xib; path = ResepinTableViewCell.xib; sourceTree = "<group>"; };
		3EEF164A285EFCC1006AA9DF /* DetailViewController.swift */ = {isa = PBXFileReference; lastKnownFileType = sourcecode.swift; path = DetailViewController.swift; sourceTree = "<group>"; };
/* End PBXFileReference section */

/* Begin PBXFrameworksBuildPhase section */
		3EEF160E285EDF40006AA9DF /* Frameworks */ = {
			isa = PBXFrameworksBuildPhase;
			buildActionMask = 2147483647;
			files = (
			);
			runOnlyForDeploymentPostprocessing = 0;
		};
		3EEF1624285EDF42006AA9DF /* Frameworks */ = {
			isa = PBXFrameworksBuildPhase;
			buildActionMask = 2147483647;
			files = (
			);
			runOnlyForDeploymentPostprocessing = 0;
		};
		3EEF162E285EDF42006AA9DF /* Frameworks */ = {
			isa = PBXFrameworksBuildPhase;
			buildActionMask = 2147483647;
			files = (
			);
			runOnlyForDeploymentPostprocessing = 0;
		};
/* End PBXFrameworksBuildPhase section */

/* Begin PBXGroup section */
		3EEF1608285EDF40006AA9DF = {
			isa = PBXGroup;
			children = (
				3EEF1613285EDF40006AA9DF /* DiResepinApps */,
				3EEF162A285EDF42006AA9DF /* DiResepinAppsTests */,
				3EEF1634285EDF42006AA9DF /* DiResepinAppsUITests */,
				3EEF1612285EDF40006AA9DF /* Products */,
			);
			sourceTree = "<group>";
		};
		3EEF1612285EDF40006AA9DF /* Products */ = {
			isa = PBXGroup;
			children = (
				3EEF1611285EDF40006AA9DF /* DiResepinApps.app */,
				3EEF1627285EDF42006AA9DF /* DiResepinAppsTests.xctest */,
				3EEF1631285EDF42006AA9DF /* DiResepinAppsUITests.xctest */,
			);
			name = Products;
			sourceTree = "<group>";
		};
		3EEF1613285EDF40006AA9DF /* DiResepinApps */ = {
			isa = PBXGroup;
			children = (
				3EEF1614285EDF40006AA9DF /* AppDelegate.swift */,
				3EEF1616285EDF40006AA9DF /* SceneDelegate.swift */,
				3EEF1618285EDF40006AA9DF /* ViewController.swift */,
				3EEF161A285EDF40006AA9DF /* Main.storyboard */,
				3EEF161D285EDF42006AA9DF /* Assets.xcassets */,
				3EEF161F285EDF42006AA9DF /* LaunchScreen.storyboard */,
				3EEF1622285EDF42006AA9DF /* Info.plist */,
				3EEF1644285EE1DA006AA9DF /* ResepinModel.swift */,
				3EEF1646285EED49006AA9DF /* ResepinTableViewCell.swift */,
				3EEF1647285EED49006AA9DF /* ResepinTableViewCell.xib */,
				3EEF164A285EFCC1006AA9DF /* DetailViewController.swift */,
			);
			path = DiResepinApps;
			sourceTree = "<group>";
		};
		3EEF162A285EDF42006AA9DF /* DiResepinAppsTests */ = {
			isa = PBXGroup;
			children = (
				3EEF162B285EDF42006AA9DF /* DiResepinAppsTests.swift */,
			);
			path = DiResepinAppsTests;
			sourceTree = "<group>";
		};
		3EEF1634285EDF42006AA9DF /* DiResepinAppsUITests */ = {
			isa = PBXGroup;
			children = (
				3EEF1635285EDF42006AA9DF /* DiResepinAppsUITests.swift */,
				3EEF1637285EDF42006AA9DF /* DiResepinAppsUITestsLaunchTests.swift */,
			);
			path = DiResepinAppsUITests;
			sourceTree = "<group>";
		};
/* End PBXGroup section */

/* Begin PBXNativeTarget section */
		3EEF1610285EDF40006AA9DF /* DiResepinApps */ = {
			isa = PBXNativeTarget;
			buildConfigurationList = 3EEF163B285EDF42006AA9DF /* Build configuration list for PBXNativeTarget "DiResepinApps" */;
			buildPhases = (
				3EEF160D285EDF40006AA9DF /* Sources */,
				3EEF160E285EDF40006AA9DF /* Frameworks */,
				3EEF160F285EDF40006AA9DF /* Resources */,
			);
			buildRules = (
			);
			dependencies = (
			);
			name = DiResepinApps;
			productName = DiResepinApps;
			productReference = 3EEF1611285EDF40006AA9DF /* DiResepinApps.app */;
			productType = "com.apple.product-type.application";
		};
		3EEF1626285EDF42006AA9DF /* DiResepinAppsTests */ = {
			isa = PBXNativeTarget;
			buildConfigurationList = 3EEF163E285EDF42006AA9DF /* Build configuration list for PBXNativeTarget "DiResepinAppsTests" */;
			buildPhases = (
				3EEF1623285EDF42006AA9DF /* Sources */,
				3EEF1624285EDF42006AA9DF /* Frameworks */,
				3EEF1625285EDF42006AA9DF /* Resources */,
			);
			buildRules = (
			);
			dependencies = (
				3EEF1629285EDF42006AA9DF /* PBXTargetDependency */,
			);
			name = DiResepinAppsTests;
			productName = DiResepinAppsTests;
			productReference = 3EEF1627285EDF42006AA9DF /* DiResepinAppsTests.xctest */;
			productType = "com.apple.product-type.bundle.unit-test";
		};
		3EEF1630285EDF42006AA9DF /* DiResepinAppsUITests */ = {
			isa = PBXNativeTarget;
			buildConfigurationList = 3EEF1641285EDF42006AA9DF /* Build configuration list for PBXNativeTarget "DiResepinAppsUITests" */;
			buildPhases = (
				3EEF162D285EDF42006AA9DF /* Sources */,
				3EEF162E285EDF42006AA9DF /* Frameworks */,
				3EEF162F285EDF42006AA9DF /* Resources */,
			);
			buildRules = (
			);
			dependencies = (
				3EEF1633285EDF42006AA9DF /* PBXTargetDependency */,
			);
			name = DiResepinAppsUITests;
			productName = DiResepinAppsUITests;
			productReference = 3EEF1631285EDF42006AA9DF /* DiResepinAppsUITests.xctest */;
			productType = "com.apple.product-type.bundle.ui-testing";
		};
/* End PBXNativeTarget section */

/* Begin PBXProject section */
		3EEF1609285EDF40006AA9DF /* Project object */ = {
			isa = PBXProject;
			attributes = {
				BuildIndependentTargetsInParallel = 1;
				LastSwiftUpdateCheck = 1340;
				LastUpgradeCheck = 1340;
				TargetAttributes = {
					3EEF1610285EDF40006AA9DF = {
						CreatedOnToolsVersion = 13.4.1;
					};
					3EEF1626285EDF42006AA9DF = {
						CreatedOnToolsVersion = 13.4.1;
						TestTargetID = 3EEF1610285EDF40006AA9DF;
					};
					3EEF1630285EDF42006AA9DF = {
						CreatedOnToolsVersion = 13.4.1;
						TestTargetID = 3EEF1610285EDF40006AA9DF;
					};
				};
			};
			buildConfigurationList = 3EEF160C285EDF40006AA9DF /* Build configuration list for PBXProject "DiResepinApps" */;
			compatibilityVersion = "Xcode 13.0";
			developmentRegion = en;
			hasScannedForEncodings = 0;
			knownRegions = (
				en,
				Base,
			);
			mainGroup = 3EEF1608285EDF40006AA9DF;
			productRefGroup = 3EEF1612285EDF40006AA9DF /* Products */;
			projectDirPath = "";
			projectRoot = "";
			targets = (
				3EEF1610285EDF40006AA9DF /* DiResepinApps */,
				3EEF1626285EDF42006AA9DF /* DiResepinAppsTests */,
				3EEF1630285EDF42006AA9DF /* DiResepinAppsUITests */,
			);
		};
/* End PBXProject section */

/* Begin PBXResourcesBuildPhase section */
		3EEF160F285EDF40006AA9DF /* Resources */ = {
			isa = PBXResourcesBuildPhase;
			buildActionMask = 2147483647;
			files = (
				3EEF1621285EDF42006AA9DF /* LaunchScreen.storyboard in Resources */,
				3EEF161E285EDF42006AA9DF /* Assets.xcassets in Resources */,
				3EEF1649285EED49006AA9DF /* ResepinTableViewCell.xib in Resources */,
				3EEF161C285EDF40006AA9DF /* Main.storyboard in Resources */,
			);
			runOnlyForDeploymentPostprocessing = 0;
		};
		3EEF1625285EDF42006AA9DF /* Resources */ = {
			isa = PBXResourcesBuildPhase;
			buildActionMask = 2147483647;
			files = (
			);
			runOnlyForDeploymentPostprocessing = 0;
		};
		3EEF162F285EDF42006AA9DF /* Resources */ = {
			isa = PBXResourcesBuildPhase;
			buildActionMask = 2147483647;
			files = (
			);
			runOnlyForDeploymentPostprocessing = 0;
		};
/* End PBXResourcesBuildPhase section */

/* Begin PBXSourcesBuildPhase section */
		3EEF160D285EDF40006AA9DF /* Sources */ = {
			isa = PBXSourcesBuildPhase;
			buildActionMask = 2147483647;
			files = (
				3EEF1645285EE1DA006AA9DF /* ResepinModel.swift in Sources */,
				3EEF1619285EDF40006AA9DF /* ViewController.swift in Sources */,
				3EEF1615285EDF40006AA9DF /* AppDelegate.swift in Sources */,
				3EEF164B285EFCC1006AA9DF /* DetailViewController.swift in Sources */,
				3EEF1648285EED49006AA9DF /* ResepinTableViewCell.swift in Sources */,
				3EEF1617285EDF40006AA9DF /* SceneDelegate.swift in Sources */,
			);
			runOnlyForDeploymentPostprocessing = 0;
		};
		3EEF1623285EDF42006AA9DF /* Sources */ = {
			isa = PBXSourcesBuildPhase;
			buildActionMask = 2147483647;
			files = (
				3EEF162C285EDF42006AA9DF /* DiResepinAppsTests.swift in Sources */,
			);
			runOnlyForDeploymentPostprocessing = 0;
		};
		3EEF162D285EDF42006AA9DF /* Sources */ = {
			isa = PBXSourcesBuildPhase;
			buildActionMask = 2147483647;
			files = (
				3EEF1638285EDF42006AA9DF /* DiResepinAppsUITestsLaunchTests.swift in Sources */,
				3EEF1636285EDF42006AA9DF /* DiResepinAppsUITests.swift in Sources */,
			);
			runOnlyForDeploymentPostprocessing = 0;
		};
/* End PBXSourcesBuildPhase section */

/* Begin PBXTargetDependency section */
		3EEF1629285EDF42006AA9DF /* PBXTargetDependency */ = {
			isa = PBXTargetDependency;
			target = 3EEF1610285EDF40006AA9DF /* DiResepinApps */;
			targetProxy = 3EEF1628285EDF42006AA9DF /* PBXContainerItemProxy */;
		};
		3EEF1633285EDF42006AA9DF /* PBXTargetDependency */ = {
			isa = PBXTargetDependency;
			target = 3EEF1610285EDF40006AA9DF /* DiResepinApps */;
			targetProxy = 3EEF1632285EDF42006AA9DF /* PBXContainerItemProxy */;
		};
/* End PBXTargetDependency section */

/* Begin PBXVariantGroup section */
		3EEF161A285EDF40006AA9DF /* Main.storyboard */ = {
			isa = PBXVariantGroup;
			children = (
				3EEF161B285EDF40006AA9DF /* Base */,
			);
			name = Main.storyboard;
			sourceTree = "<group>";
		};
		3EEF161F285EDF42006AA9DF /* LaunchScreen.storyboard */ = {
			isa = PBXVariantGroup;
			children = (
				3EEF1620285EDF42006AA9DF /* Base */,
			);
			name = LaunchScreen.storyboard;
			sourceTree = "<group>";
		};
/* End PBXVariantGroup section */

/* Begin XCBuildConfiguration section */
		3EEF1639285EDF42006AA9DF /* Debug */ = {
			isa = XCBuildConfiguration;
			buildSettings = {
				ALWAYS_SEARCH_USER_PATHS = NO;
				CLANG_ANALYZER_NONNULL = YES;
				CLANG_ANALYZER_NUMBER_OBJECT_CONVERSION = YES_AGGRESSIVE;
				CLANG_CXX_LANGUAGE_STANDARD = "gnu++17";
				CLANG_ENABLE_MODULES = YES;
				CLANG_ENABLE_OBJC_ARC = YES;
				CLANG_ENABLE_OBJC_WEAK = YES;
				CLANG_WARN_BLOCK_CAPTURE_AUTORELEASING = YES;
				CLANG_WARN_BOOL_CONVERSION = YES;
				CLANG_WARN_COMMA = YES;
				CLANG_WARN_CONSTANT_CONVERSION = YES;
				CLANG_WARN_DEPRECATED_OBJC_IMPLEMENTATIONS = YES;
				CLANG_WARN_DIRECT_OBJC_ISA_USAGE = YES_ERROR;
				CLANG_WARN_DOCUMENTATION_COMMENTS = YES;
				CLANG_WARN_EMPTY_BODY = YES;
				CLANG_WARN_ENUM_CONVERSION = YES;
				CLANG_WARN_INFINITE_RECURSION = YES;
				CLANG_WARN_INT_CONVERSION = YES;
				CLANG_WARN_NON_LITERAL_NULL_CONVERSION = YES;
				CLANG_WARN_OBJC_IMPLICIT_RETAIN_SELF = YES;
				CLANG_WARN_OBJC_LITERAL_CONVERSION = YES;
				CLANG_WARN_OBJC_ROOT_CLASS = YES_ERROR;
				CLANG_WARN_QUOTED_INCLUDE_IN_FRAMEWORK_HEADER = YES;
				CLANG_WARN_RANGE_LOOP_ANALYSIS = YES;
				CLANG_WARN_STRICT_PROTOTYPES = YES;
				CLANG_WARN_SUSPICIOUS_MOVE = YES;
				CLANG_WARN_UNGUARDED_AVAILABILITY = YES_AGGRESSIVE;
				CLANG_WARN_UNREACHABLE_CODE = YES;
				CLANG_WARN__DUPLICATE_METHOD_MATCH = YES;
				COPY_PHASE_STRIP = NO;
				DEBUG_INFORMATION_FORMAT = dwarf;
				ENABLE_STRICT_OBJC_MSGSEND = YES;
				ENABLE_TESTABILITY = YES;
				GCC_C_LANGUAGE_STANDARD = gnu11;
				GCC_DYNAMIC_NO_PIC = NO;
				GCC_NO_COMMON_BLOCKS = YES;
				GCC_OPTIMIZATION_LEVEL = 0;
				GCC_PREPROCESSOR_DEFINITIONS = (
					"DEBUG=1",
					"$(inherited)",
				);
				GCC_WARN_64_TO_32_BIT_CONVERSION = YES;
				GCC_WARN_ABOUT_RETURN_TYPE = YES_ERROR;
				GCC_WARN_UNDECLARED_SELECTOR = YES;
				GCC_WARN_UNINITIALIZED_AUTOS = YES_AGGRESSIVE;
				GCC_WARN_UNUSED_FUNCTION = YES;
				GCC_WARN_UNUSED_VARIABLE = YES;
				IPHONEOS_DEPLOYMENT_TARGET = 15.5;
				MTL_ENABLE_DEBUG_INFO = INCLUDE_SOURCE;
				MTL_FAST_MATH = YES;
				ONLY_ACTIVE_ARCH = YES;
				SDKROOT = iphoneos;
				SWIFT_ACTIVE_COMPILATION_CONDITIONS = DEBUG;
				SWIFT_OPTIMIZATION_LEVEL = "-Onone";
			};
			name = Debug;
		};
		3EEF163A285EDF42006AA9DF /* Release */ = {
			isa = XCBuildConfiguration;
			buildSettings = {
				ALWAYS_SEARCH_USER_PATHS = NO;
				CLANG_ANALYZER_NONNULL = YES;
				CLANG_ANALYZER_NUMBER_OBJECT_CONVERSION = YES_AGGRESSIVE;
				CLANG_CXX_LANGUAGE_STANDARD = "gnu++17";
				CLANG_ENABLE_MODULES = YES;
				CLANG_ENABLE_OBJC_ARC = YES;
				CLANG_ENABLE_OBJC_WEAK = YES;
				CLANG_WARN_BLOCK_CAPTURE_AUTORELEASING = YES;
				CLANG_WARN_BOOL_CONVERSION = YES;
				CLANG_WARN_COMMA = YES;
				CLANG_WARN_CONSTANT_CONVERSION = YES;
				CLANG_WARN_DEPRECATED_OBJC_IMPLEMENTATIONS = YES;
				CLANG_WARN_DIRECT_OBJC_ISA_USAGE = YES_ERROR;
				CLANG_WARN_DOCUMENTATION_COMMENTS = YES;
				CLANG_WARN_EMPTY_BODY = YES;
				CLANG_WARN_ENUM_CONVERSION = YES;
				CLANG_WARN_INFINITE_RECURSION = YES;
				CLANG_WARN_INT_CONVERSION = YES;
				CLANG_WARN_NON_LITERAL_NULL_CONVERSION = YES;
				CLANG_WARN_OBJC_IMPLICIT_RETAIN_SELF = YES;
				CLANG_WARN_OBJC_LITERAL_CONVERSION = YES;
				CLANG_WARN_OBJC_ROOT_CLASS = YES_ERROR;
				CLANG_WARN_QUOTED_INCLUDE_IN_FRAMEWORK_HEADER = YES;
				CLANG_WARN_RANGE_LOOP_ANALYSIS = YES;
				CLANG_WARN_STRICT_PROTOTYPES = YES;
				CLANG_WARN_SUSPICIOUS_MOVE = YES;
				CLANG_WARN_UNGUARDED_AVAILABILITY = YES_AGGRESSIVE;
				CLANG_WARN_UNREACHABLE_CODE = YES;
				CLANG_WARN__DUPLICATE_METHOD_MATCH = YES;
				COPY_PHASE_STRIP = NO;
				DEBUG_INFORMATION_FORMAT = "dwarf-with-dsym";
				ENABLE_NS_ASSERTIONS = NO;
				ENABLE_STRICT_OBJC_MSGSEND = YES;
				GCC_C_LANGUAGE_STANDARD = gnu11;
				GCC_NO_COMMON_BLOCKS = YES;
				GCC_WARN_64_TO_32_BIT_CONVERSION = YES;
				GCC_WARN_ABOUT_RETURN_TYPE = YES_ERROR;
				GCC_WARN_UNDECLARED_SELECTOR = YES;
				GCC_WARN_UNINITIALIZED_AUTOS = YES_AGGRESSIVE;
				GCC_WARN_UNUSED_FUNCTION = YES;
				GCC_WARN_UNUSED_VARIABLE = YES;
				IPHONEOS_DEPLOYMENT_TARGET = 15.5;
				MTL_ENABLE_DEBUG_INFO = NO;
				MTL_FAST_MATH = YES;
				SDKROOT = iphoneos;
				SWIFT_COMPILATION_MODE = wholemodule;
				SWIFT_OPTIMIZATION_LEVEL = "-O";
				VALIDATE_PRODUCT = YES;
			};
			name = Release;
		};
		3EEF163C285EDF42006AA9DF /* Debug */ = {
			isa = XCBuildConfiguration;
			buildSettings = {
				ASSETCATALOG_COMPILER_APPICON_NAME = AppIcon;
				ASSETCATALOG_COMPILER_GLOBAL_ACCENT_COLOR_NAME = AccentColor;
				CODE_SIGN_STYLE = Automatic;
				CURRENT_PROJECT_VERSION = 1;
				GENERATE_INFOPLIST_FILE = YES;
				INFOPLIST_FILE = DiResepinApps/Info.plist;
				INFOPLIST_KEY_UIApplicationSupportsIndirectInputEvents = YES;
				INFOPLIST_KEY_UILaunchStoryboardName = LaunchScreen;
				INFOPLIST_KEY_UIMainStoryboardFile = Main;
				INFOPLIST_KEY_UISupportedInterfaceOrientations_iPad = "UIInterfaceOrientationPortrait UIInterfaceOrientationPortraitUpsideDown UIInterfaceOrientationLandscapeLeft UIInterfaceOrientationLandscapeRight";
				INFOPLIST_KEY_UISupportedInterfaceOrientations_iPhone = "UIInterfaceOrientationPortrait UIInterfaceOrientationLandscapeLeft UIInterfaceOrientationLandscapeRight";
				LD_RUNPATH_SEARCH_PATHS = (
					"$(inherited)",
					"@executable_path/Frameworks",
				);
				MARKETING_VERSION = 1.0;
				PRODUCT_BUNDLE_IDENTIFIER = com.dicoding.academy.DiResepinApps;
				PRODUCT_NAME = "$(TARGET_NAME)";
				SWIFT_EMIT_LOC_STRINGS = YES;
				SWIFT_VERSION = 5.0;
				TARGETED_DEVICE_FAMILY = "1,2";
			};
			name = Debug;
		};
		3EEF163D285EDF42006AA9DF /* Release */ = {
			isa = XCBuildConfiguration;
			buildSettings = {
				ASSETCATALOG_COMPILER_APPICON_NAME = AppIcon;
				ASSETCATALOG_COMPILER_GLOBAL_ACCENT_COLOR_NAME = AccentColor;
				CODE_SIGN_STYLE = Automatic;
				CURRENT_PROJECT_VERSION = 1;
				GENERATE_INFOPLIST_FILE = YES;
				INFOPLIST_FILE = DiResepinApps/Info.plist;
				INFOPLIST_KEY_UIApplicationSupportsIndirectInputEvents = YES;
				INFOPLIST_KEY_UILaunchStoryboardName = LaunchScreen;
				INFOPLIST_KEY_UIMainStoryboardFile = Main;
				INFOPLIST_KEY_UISupportedInterfaceOrientations_iPad = "UIInterfaceOrientationPortrait UIInterfaceOrientationPortraitUpsideDown UIInterfaceOrientationLandscapeLeft UIInterfaceOrientationLandscapeRight";
				INFOPLIST_KEY_UISupportedInterfaceOrientations_iPhone = "UIInterfaceOrientationPortrait UIInterfaceOrientationLandscapeLeft UIInterfaceOrientationLandscapeRight";
				LD_RUNPATH_SEARCH_PATHS = (
					"$(inherited)",
					"@executable_path/Frameworks",
				);
				MARKETING_VERSION = 1.0;
				PRODUCT_BUNDLE_IDENTIFIER = com.dicoding.academy.DiResepinApps;
				PRODUCT_NAME = "$(TARGET_NAME)";
				SWIFT_EMIT_LOC_STRINGS = YES;
				SWIFT_VERSION = 5.0;
				TARGETED_DEVICE_FAMILY = "1,2";
			};
			name = Release;
		};
		3EEF163F285EDF42006AA9DF /* Debug */ = {
			isa = XCBuildConfiguration;
			buildSettings = {
				ALWAYS_EMBED_SWIFT_STANDARD_LIBRARIES = YES;
				BUNDLE_LOADER = "$(TEST_HOST)";
				CODE_SIGN_STYLE = Automatic;
				CURRENT_PROJECT_VERSION = 1;
				GENERATE_INFOPLIST_FILE = YES;
				IPHONEOS_DEPLOYMENT_TARGET = 15.5;
				MARKETING_VERSION = 1.0;
				PRODUCT_BUNDLE_IDENTIFIER = com.dicoding.academy.DiResepinAppsTests;
				PRODUCT_NAME = "$(TARGET_NAME)";
				SWIFT_EMIT_LOC_STRINGS = NO;
				SWIFT_VERSION = 5.0;
				TARGETED_DEVICE_FAMILY = "1,2";
				TEST_HOST = "$(BUILT_PRODUCTS_DIR)/DiResepinApps.app/DiResepinApps";
			};
			name = Debug;
		};
		3EEF1640285EDF42006AA9DF /* Release */ = {
			isa = XCBuildConfiguration;
			buildSettings = {
				ALWAYS_EMBED_SWIFT_STANDARD_LIBRARIES = YES;
				BUNDLE_LOADER = "$(TEST_HOST)";
				CODE_SIGN_STYLE = Automatic;
				CURRENT_PROJECT_VERSION = 1;
				GENERATE_INFOPLIST_FILE = YES;
				IPHONEOS_DEPLOYMENT_TARGET = 15.5;
				MARKETING_VERSION = 1.0;
				PRODUCT_BUNDLE_IDENTIFIER = com.dicoding.academy.DiResepinAppsTests;
				PRODUCT_NAME = "$(TARGET_NAME)";
				SWIFT_EMIT_LOC_STRINGS = NO;
				SWIFT_VERSION = 5.0;
				TARGETED_DEVICE_FAMILY = "1,2";
				TEST_HOST = "$(BUILT_PRODUCTS_DIR)/DiResepinApps.app/DiResepinApps";
			};
			name = Release;
		};
		3EEF1642285EDF42006AA9DF /* Debug */ = {
			isa = XCBuildConfiguration;
			buildSettings = {
				ALWAYS_EMBED_SWIFT_STANDARD_LIBRARIES = YES;
				CODE_SIGN_STYLE = Automatic;
				CURRENT_PROJECT_VERSION = 1;
				GENERATE_INFOPLIST_FILE = YES;
				MARKETING_VERSION = 1.0;
				PRODUCT_BUNDLE_IDENTIFIER = com.dicoding.academy.DiResepinAppsUITests;
				PRODUCT_NAME = "$(TARGET_NAME)";
				SWIFT_EMIT_LOC_STRINGS = NO;
				SWIFT_VERSION = 5.0;
				TARGETED_DEVICE_FAMILY = "1,2";
				TEST_TARGET_NAME = DiResepinApps;
			};
			name = Debug;
		};
		3EEF1643285EDF42006AA9DF /* Release */ = {
			isa = XCBuildConfiguration;
			buildSettings = {
				ALWAYS_EMBED_SWIFT_STANDARD_LIBRARIES = YES;
				CODE_SIGN_STYLE = Automatic;
				CURRENT_PROJECT_VERSION = 1;
				GENERATE_INFOPLIST_FILE = YES;
				MARKETING_VERSION = 1.0;
				PRODUCT_BUNDLE_IDENTIFIER = com.dicoding.academy.DiResepinAppsUITests;
				PRODUCT_NAME = "$(TARGET_NAME)";
				SWIFT_EMIT_LOC_STRINGS = NO;
				SWIFT_VERSION = 5.0;
				TARGETED_DEVICE_FAMILY = "1,2";
				TEST_TARGET_NAME = DiResepinApps;
			};
			name = Release;
		};
/* End XCBuildConfiguration section */

/* Begin XCConfigurationList section */
		3EEF160C285EDF40006AA9DF /* Build configuration list for PBXProject "DiResepinApps" */ = {
			isa = XCConfigurationList;
			buildConfigurations = (
				3EEF1639285EDF42006AA9DF /* Debug */,
				3EEF163A285EDF42006AA9DF /* Release */,
			);
			defaultConfigurationIsVisible = 0;
			defaultConfigurationName = Release;
		};
		3EEF163B285EDF42006AA9DF /* Build configuration list for PBXNativeTarget "DiResepinApps" */ = {
			isa = XCConfigurationList;
			buildConfigurations = (
				3EEF163C285EDF42006AA9DF /* Debug */,
				3EEF163D285EDF42006AA9DF /* Release */,
			);
			defaultConfigurationIsVisible = 0;
			defaultConfigurationName = Release;
		};
		3EEF163E285EDF42006AA9DF /* Build configuration list for PBXNativeTarget "DiResepinAppsTests" */ = {
			isa = XCConfigurationList;
			buildConfigurations = (
				3EEF163F285EDF42006AA9DF /* Debug */,
				3EEF1640285EDF42006AA9DF /* Release */,
			);
			defaultConfigurationIsVisible = 0;
			defaultConfigurationName = Release;
		};
		3EEF1641285EDF42006AA9DF /* Build configuration list for PBXNativeTarget "DiResepinAppsUITests" */ = {
			isa = XCConfigurationList;
			buildConfigurations = (
				3EEF1642285EDF42006AA9DF /* Debug */,
				3EEF1643285EDF42006AA9DF /* Release */,
			);
			defaultConfigurationIsVisible = 0;
			defaultConfigurationName = Release;
		};
/* End XCConfigurationList section */
	};
	rootObject = 3EEF1609285EDF40006AA9DF /* Project object */;
}
